
Microsoft Visual Studio Solution File, Format Version 12.00
# Visual Studio Version 16
VisualStudioVersion = 16.0.29123.88
MinimumVisualStudioVersion = 10.0.40219.1
Project("{FAE04EC0-301F-11D3-BF4B-00C04F79EFBC}") = "LeagueBot", "LeagueBot\LeagueBot.csproj", "{35EAA17F-8451-48A4-B260-B7BA0896E2D3}"
EndProject
Project("{FAE04EC0-301F-11D3-BF4B-00C04F79EFBC}") = "ColorViewer", "ColorPicker\ColorViewer.csproj", "{2728565D-8560-4DE5-9DD9-71F68078AD79}"
EndProject
Project("{FAE04EC0-301F-11D3-BF4B-00C04F79EFBC}") = "LeagueBot.Updater", "LeagueBot.Updater\LeagueBot.Updater.csproj", "{A29DBB59-E61D-447F-9855-F5C7A9CB0CB3}"
EndProject
Global
	GlobalSection(SolutionConfigurationPlatforms) = preSolution
		Debug|Any CPU = Debug|Any CPU
		Release|Any CPU = Release|Any CPU
	EndGlobalSection
	GlobalSection(ProjectConfigurationPlatforms) = postSolution
		{35EAA17F-8451-48A4-B260-B7BA0896E2D3}.Debug|Any CPU.ActiveCfg = Debug|Any CPU
		{35EAA17F-8451-48A4-B260-B7BA0896E2D3}.Debug|Any CPU.Build.0 = Debug|Any CPU
		{35EAA17F-8451-48A4-B260-B7BA0896E2D3}.Release|Any CPU.ActiveCfg = Release|Any CPU
		{35EAA17F-8451-48A4-B260-B7BA0896E2D3}.Release|Any CPU.Build.0 = Release|Any CPU
		{2728565D-8560-4DE5-9DD9-71F68078AD79}.Debug|Any CPU.ActiveCfg = Debug|Any CPU
		{2728565D-8560-4DE5-9DD9-71F68078AD79}.Debug|Any CPU.Build.0 = Debug|Any CPU
		{2728565D-8560-4DE5-9DD9-71F68078AD79}.Release|Any CPU.ActiveCfg = Release|Any CPU
		{2728565D-8560-4DE5-9DD9-71F68078AD79}.Release|Any CPU.Build.0 = Release|Any CPU
		{A29DBB59-E61D-447F-9855-F5C7A9CB0CB3}.Debug|Any CPU.ActiveCfg = Debug|Any CPU
		{A29DBB59-E61D-447F-9855-F5C7A9CB0CB3}.Debug|Any CPU.Build.0 = Debug|Any CPU
		{A29DBB59-E61D-447F-9855-F5C7A9CB0CB3}.Release|Any CPU.ActiveCfg = Release|Any CPU
		{A29DBB59-E61D-447F-9855-F5C7A9CB0CB3}.Release|Any CPU.Build.0 = Release|Any CPU
	EndGlobalSection
	GlobalSection(SolutionProperties) = preSolution
		HideSolutionNode = FALSE
	EndGlobalSection
	GlobalSection(ExtensibilityGlobals) = postSolution
		SolutionGuid = {AECBB17F-4DC4-49A6-A38E-C8CFC2ACED53}
	EndGlobalSection
EndGlobal
